// !$*UTF8*$!
{
	archiveVersion = 1;
	classes = {
	};
	objectVersion = 51;
	objects = {

/* Begin PBXBuildFile section */
		0DC407812BBC7B0C3976E337 /* Pods_MovieX.framework in Frameworks */ = {isa = PBXBuildFile; fileRef = CE7DC255E7BD226C85B0A43A /* Pods_MovieX.framework */; };
		4B0B9FD4262549DE0030914A /* UIImageView+Extension.swift in Sources */ = {isa = PBXBuildFile; fileRef = 4B0B9FD3262549DE0030914A /* UIImageView+Extension.swift */; };
		4BF72C9A26241DE2004A8456 /* AppDelegate.swift in Sources */ = {isa = PBXBuildFile; fileRef = 4BF72C9926241DE2004A8456 /* AppDelegate.swift */; };
		4BF72C9C26241DE2004A8456 /* SceneDelegate.swift in Sources */ = {isa = PBXBuildFile; fileRef = 4BF72C9B26241DE2004A8456 /* SceneDelegate.swift */; };
		4BF72C9E26241DE2004A8456 /* MainViewController.swift in Sources */ = {isa = PBXBuildFile; fileRef = 4BF72C9D26241DE2004A8456 /* MainViewController.swift */; };
		4BF72CA126241DE2004A8456 /* Main.storyboard in Resources */ = {isa = PBXBuildFile; fileRef = 4BF72C9F26241DE2004A8456 /* Main.storyboard */; };
		4BF72CA326241DE3004A8456 /* Assets.xcassets in Resources */ = {isa = PBXBuildFile; fileRef = 4BF72CA226241DE3004A8456 /* Assets.xcassets */; };
		4BF72CA626241DE3004A8456 /* LaunchScreen.storyboard in Resources */ = {isa = PBXBuildFile; fileRef = 4BF72CA426241DE3004A8456 /* LaunchScreen.storyboard */; };
		4BF72CB126241DE3004A8456 /* MovieXTests.swift in Sources */ = {isa = PBXBuildFile; fileRef = 4BF72CB026241DE3004A8456 /* MovieXTests.swift */; };
		4BF72CE626243B12004A8456 /* Api-Info.plist in Resources */ = {isa = PBXBuildFile; fileRef = 4BF72CE526243B12004A8456 /* Api-Info.plist */; };
		4BF72CEC26243B7C004A8456 /* PropertyUtils.swift in Sources */ = {isa = PBXBuildFile; fileRef = 4BF72CEB26243B7C004A8456 /* PropertyUtils.swift */; };
		4BF72D042624492E004A8456 /* MovieListViewController.swift in Sources */ = {isa = PBXBuildFile; fileRef = 4BF72D032624492E004A8456 /* MovieListViewController.swift */; };
		4BF72D0A262449A9004A8456 /* MovieListProtocols.swift in Sources */ = {isa = PBXBuildFile; fileRef = 4BF72D09262449A9004A8456 /* MovieListProtocols.swift */; };
		4BF72D1226244C33004A8456 /* MovieList.swift in Sources */ = {isa = PBXBuildFile; fileRef = 4BF72D1126244C33004A8456 /* MovieList.swift */; };
		4BF72D4226244F3A004A8456 /* MovieListInteractor.swift in Sources */ = {isa = PBXBuildFile; fileRef = 4BF72D4126244F3A004A8456 /* MovieListInteractor.swift */; };
		4BF72D4626244FA3004A8456 /* MovieListCategory.swift in Sources */ = {isa = PBXBuildFile; fileRef = 4BF72D4526244FA3004A8456 /* MovieListCategory.swift */; };
		4BF72D4B26245065004A8456 /* AppConstants.swift in Sources */ = {isa = PBXBuildFile; fileRef = 4BF72D4A26245065004A8456 /* AppConstants.swift */; };
		4BF72D55262462D5004A8456 /* MovieListPresenter.swift in Sources */ = {isa = PBXBuildFile; fileRef = 4BF72D54262462D5004A8456 /* MovieListPresenter.swift */; };
		4BF72D5926246B9D004A8456 /* MovieListRouter.swift in Sources */ = {isa = PBXBuildFile; fileRef = 4BF72D5826246B9D004A8456 /* MovieListRouter.swift */; };
		4BF72D752624BDBF004A8456 /* PosterData.swift in Sources */ = {isa = PBXBuildFile; fileRef = 4BF72D742624BDBF004A8456 /* PosterData.swift */; };
		4F4A9F63E823BA674288464A /* Pods_MovieXTests.framework in Frameworks */ = {isa = PBXBuildFile; fileRef = DC2DE059DCB90EA8B63488D4 /* Pods_MovieXTests.framework */; };
/* End PBXBuildFile section */

/* Begin PBXContainerItemProxy section */
		4BF72CAD26241DE3004A8456 /* PBXContainerItemProxy */ = {
			isa = PBXContainerItemProxy;
			containerPortal = 4BF72C8E26241DE2004A8456 /* Project object */;
			proxyType = 1;
			remoteGlobalIDString = 4BF72C9526241DE2004A8456;
			remoteInfo = MovieX;
		};
/* End PBXContainerItemProxy section */

/* Begin PBXFileReference section */
		0A428CC65ACC5021689D9285 /* Pods-MovieX.release.xcconfig */ = {isa = PBXFileReference; includeInIndex = 1; lastKnownFileType = text.xcconfig; name = "Pods-MovieX.release.xcconfig"; path = "Target Support Files/Pods-MovieX/Pods-MovieX.release.xcconfig"; sourceTree = "<group>"; };
		4B0B9FD3262549DE0030914A /* UIImageView+Extension.swift */ = {isa = PBXFileReference; lastKnownFileType = sourcecode.swift; path = "UIImageView+Extension.swift"; sourceTree = "<group>"; };
		4BF72C9626241DE2004A8456 /* MovieX.app */ = {isa = PBXFileReference; explicitFileType = wrapper.application; includeInIndex = 0; path = MovieX.app; sourceTree = BUILT_PRODUCTS_DIR; };
		4BF72C9926241DE2004A8456 /* AppDelegate.swift */ = {isa = PBXFileReference; lastKnownFileType = sourcecode.swift; path = AppDelegate.swift; sourceTree = "<group>"; };
		4BF72C9B26241DE2004A8456 /* SceneDelegate.swift */ = {isa = PBXFileReference; lastKnownFileType = sourcecode.swift; path = SceneDelegate.swift; sourceTree = "<group>"; };
		4BF72C9D26241DE2004A8456 /* MainViewController.swift */ = {isa = PBXFileReference; lastKnownFileType = sourcecode.swift; path = MainViewController.swift; sourceTree = "<group>"; };
		4BF72CA026241DE2004A8456 /* Base */ = {isa = PBXFileReference; lastKnownFileType = file.storyboard; name = Base; path = Base.lproj/Main.storyboard; sourceTree = "<group>"; };
		4BF72CA226241DE3004A8456 /* Assets.xcassets */ = {isa = PBXFileReference; lastKnownFileType = folder.assetcatalog; path = Assets.xcassets; sourceTree = "<group>"; };
		4BF72CA526241DE3004A8456 /* Base */ = {isa = PBXFileReference; lastKnownFileType = file.storyboard; name = Base; path = Base.lproj/LaunchScreen.storyboard; sourceTree = "<group>"; };
		4BF72CA726241DE3004A8456 /* Info.plist */ = {isa = PBXFileReference; lastKnownFileType = text.plist.xml; path = Info.plist; sourceTree = "<group>"; };
		4BF72CAC26241DE3004A8456 /* MovieXTests.xctest */ = {isa = PBXFileReference; explicitFileType = wrapper.cfbundle; includeInIndex = 0; path = MovieXTests.xctest; sourceTree = BUILT_PRODUCTS_DIR; };
		4BF72CB026241DE3004A8456 /* MovieXTests.swift */ = {isa = PBXFileReference; lastKnownFileType = sourcecode.swift; path = MovieXTests.swift; sourceTree = "<group>"; };
		4BF72CB226241DE3004A8456 /* Info.plist */ = {isa = PBXFileReference; lastKnownFileType = text.plist.xml; path = Info.plist; sourceTree = "<group>"; };
		4BF72CE526243B12004A8456 /* Api-Info.plist */ = {isa = PBXFileReference; lastKnownFileType = text.plist.xml; path = "Api-Info.plist"; sourceTree = "<group>"; };
		4BF72CEB26243B7C004A8456 /* PropertyUtils.swift */ = {isa = PBXFileReference; lastKnownFileType = sourcecode.swift; path = PropertyUtils.swift; sourceTree = "<group>"; };
		4BF72D032624492E004A8456 /* MovieListViewController.swift */ = {isa = PBXFileReference; lastKnownFileType = sourcecode.swift; path = MovieListViewController.swift; sourceTree = "<group>"; };
		4BF72D09262449A9004A8456 /* MovieListProtocols.swift */ = {isa = PBXFileReference; lastKnownFileType = sourcecode.swift; path = MovieListProtocols.swift; sourceTree = "<group>"; };
		4BF72D1126244C33004A8456 /* MovieList.swift */ = {isa = PBXFileReference; lastKnownFileType = sourcecode.swift; path = MovieList.swift; sourceTree = "<group>"; };
		4BF72D4126244F3A004A8456 /* MovieListInteractor.swift */ = {isa = PBXFileReference; lastKnownFileType = sourcecode.swift; path = MovieListInteractor.swift; sourceTree = "<group>"; };
		4BF72D4526244FA3004A8456 /* MovieListCategory.swift */ = {isa = PBXFileReference; lastKnownFileType = sourcecode.swift; path = MovieListCategory.swift; sourceTree = "<group>"; };
		4BF72D4A26245065004A8456 /* AppConstants.swift */ = {isa = PBXFileReference; lastKnownFileType = sourcecode.swift; path = AppConstants.swift; sourceTree = "<group>"; };
		4BF72D54262462D5004A8456 /* MovieListPresenter.swift */ = {isa = PBXFileReference; lastKnownFileType = sourcecode.swift; path = MovieListPresenter.swift; sourceTree = "<group>"; };
		4BF72D5826246B9D004A8456 /* MovieListRouter.swift */ = {isa = PBXFileReference; lastKnownFileType = sourcecode.swift; path = MovieListRouter.swift; sourceTree = "<group>"; };
		4BF72D742624BDBF004A8456 /* PosterData.swift */ = {isa = PBXFileReference; lastKnownFileType = sourcecode.swift; path = PosterData.swift; sourceTree = "<group>"; };
		B0CD80521248F085AE46D48C /* Pods-MovieXTests.debug.xcconfig */ = {isa = PBXFileReference; includeInIndex = 1; lastKnownFileType = text.xcconfig; name = "Pods-MovieXTests.debug.xcconfig"; path = "Target Support Files/Pods-MovieXTests/Pods-MovieXTests.debug.xcconfig"; sourceTree = "<group>"; };
		CE7DC255E7BD226C85B0A43A /* Pods_MovieX.framework */ = {isa = PBXFileReference; explicitFileType = wrapper.framework; includeInIndex = 0; path = Pods_MovieX.framework; sourceTree = BUILT_PRODUCTS_DIR; };
		D0551A063B9E032E20A1C1E8 /* Pods-MovieXTests.release.xcconfig */ = {isa = PBXFileReference; includeInIndex = 1; lastKnownFileType = text.xcconfig; name = "Pods-MovieXTests.release.xcconfig"; path = "Target Support Files/Pods-MovieXTests/Pods-MovieXTests.release.xcconfig"; sourceTree = "<group>"; };
		DC2DE059DCB90EA8B63488D4 /* Pods_MovieXTests.framework */ = {isa = PBXFileReference; explicitFileType = wrapper.framework; includeInIndex = 0; path = Pods_MovieXTests.framework; sourceTree = BUILT_PRODUCTS_DIR; };
		F405AC7DDE50490F69857D38 /* Pods-MovieX.debug.xcconfig */ = {isa = PBXFileReference; includeInIndex = 1; lastKnownFileType = text.xcconfig; name = "Pods-MovieX.debug.xcconfig"; path = "Target Support Files/Pods-MovieX/Pods-MovieX.debug.xcconfig"; sourceTree = "<group>"; };
/* End PBXFileReference section */

/* Begin PBXFrameworksBuildPhase section */
		4BF72C9326241DE2004A8456 /* Frameworks */ = {
			isa = PBXFrameworksBuildPhase;
			buildActionMask = 2147483647;
			files = (
				0DC407812BBC7B0C3976E337 /* Pods_MovieX.framework in Frameworks */,
			);
			runOnlyForDeploymentPostprocessing = 0;
		};
		4BF72CA926241DE3004A8456 /* Frameworks */ = {
			isa = PBXFrameworksBuildPhase;
			buildActionMask = 2147483647;
			files = (
				4F4A9F63E823BA674288464A /* Pods_MovieXTests.framework in Frameworks */,
			);
			runOnlyForDeploymentPostprocessing = 0;
		};
/* End PBXFrameworksBuildPhase section */

/* Begin PBXGroup section */
		4B0B9FD2262549B60030914A /* Extensions */ = {
			isa = PBXGroup;
			children = (
				4B0B9FD3262549DE0030914A /* UIImageView+Extension.swift */,
			);
			path = Extensions;
			sourceTree = "<group>";
		};
		4BF72C8D26241DE2004A8456 = {
			isa = PBXGroup;
			children = (
				4BF72C9826241DE2004A8456 /* MovieX */,
				4BF72CAF26241DE3004A8456 /* MovieXTests */,
				4BF72C9726241DE2004A8456 /* Products */,
				4C7AE6752317508F1E8BAB57 /* Pods */,
				CEAD63C0C0CB978BEAE98FBA /* Frameworks */,
			);
			sourceTree = "<group>";
		};
		4BF72C9726241DE2004A8456 /* Products */ = {
			isa = PBXGroup;
			children = (
				4BF72C9626241DE2004A8456 /* MovieX.app */,
				4BF72CAC26241DE3004A8456 /* MovieXTests.xctest */,
			);
			name = Products;
			sourceTree = "<group>";
		};
		4BF72C9826241DE2004A8456 /* MovieX */ = {
			isa = PBXGroup;
			children = (
				4B0B9FD2262549B60030914A /* Extensions */,
				4BF72D4926245058004A8456 /* Common */,
				4BF72CFA2624402E004A8456 /* Modules */,
				4BF72CEA26243B6B004A8456 /* Utils */,
				4BF72CE426243AE5004A8456 /* Properties */,
				4BF72CE026243876004A8456 /* Resources */,
				4BF72CDF26243867004A8456 /* Storyboards */,
				4BF72CDE26243853004A8456 /* App */,
				4BF72C9D26241DE2004A8456 /* MainViewController.swift */,
				4BF72CA726241DE3004A8456 /* Info.plist */,
			);
			path = MovieX;
			sourceTree = "<group>";
		};
		4BF72CAF26241DE3004A8456 /* MovieXTests */ = {
			isa = PBXGroup;
			children = (
				4BF72CB026241DE3004A8456 /* MovieXTests.swift */,
				4BF72CB226241DE3004A8456 /* Info.plist */,
			);
			path = MovieXTests;
			sourceTree = "<group>";
		};
		4BF72CDE26243853004A8456 /* App */ = {
			isa = PBXGroup;
			children = (
				4BF72C9926241DE2004A8456 /* AppDelegate.swift */,
				4BF72C9B26241DE2004A8456 /* SceneDelegate.swift */,
			);
			path = App;
			sourceTree = "<group>";
		};
		4BF72CDF26243867004A8456 /* Storyboards */ = {
			isa = PBXGroup;
			children = (
				4BF72CA426241DE3004A8456 /* LaunchScreen.storyboard */,
				4BF72C9F26241DE2004A8456 /* Main.storyboard */,
			);
			path = Storyboards;
			sourceTree = "<group>";
		};
		4BF72CE026243876004A8456 /* Resources */ = {
			isa = PBXGroup;
			children = (
				4BF72CA226241DE3004A8456 /* Assets.xcassets */,
			);
			path = Resources;
			sourceTree = "<group>";
		};
		4BF72CE426243AE5004A8456 /* Properties */ = {
			isa = PBXGroup;
			children = (
				4BF72CE526243B12004A8456 /* Api-Info.plist */,
			);
			path = Properties;
			sourceTree = "<group>";
		};
		4BF72CEA26243B6B004A8456 /* Utils */ = {
			isa = PBXGroup;
			children = (
				4BF72CEB26243B7C004A8456 /* PropertyUtils.swift */,
			);
			path = Utils;
			sourceTree = "<group>";
		};
		4BF72CFA2624402E004A8456 /* Modules */ = {
			isa = PBXGroup;
			children = (
				4BF72CFC262440D2004A8456 /* MovieList */,
			);
			path = Modules;
			sourceTree = "<group>";
		};
		4BF72CFC262440D2004A8456 /* MovieList */ = {
			isa = PBXGroup;
			children = (
				4BF72D022624411F004A8456 /* View */,
				4BF72D012624410D004A8456 /* Presenter */,
				4BF72D0026244103004A8456 /* Interactor */,
				4BF72CFF262440FD004A8456 /* Router */,
				4BF72CFE262440F7004A8456 /* Entity */,
				4BF72CFD262440EC004A8456 /* Protocols */,
				4BF72D4526244FA3004A8456 /* MovieListCategory.swift */,
			);
			path = MovieList;
			sourceTree = "<group>";
		};
		4BF72CFD262440EC004A8456 /* Protocols */ = {
			isa = PBXGroup;
			children = (
				4BF72D09262449A9004A8456 /* MovieListProtocols.swift */,
			);
			path = Protocols;
			sourceTree = "<group>";
		};
		4BF72CFE262440F7004A8456 /* Entity */ = {
			isa = PBXGroup;
			children = (
				4BF72D1126244C33004A8456 /* MovieList.swift */,
				4BF72D742624BDBF004A8456 /* PosterData.swift */,
			);
			path = Entity;
			sourceTree = "<group>";
		};
		4BF72CFF262440FD004A8456 /* Router */ = {
			isa = PBXGroup;
			children = (
				4BF72D5826246B9D004A8456 /* MovieListRouter.swift */,
			);
			path = Router;
			sourceTree = "<group>";
		};
		4BF72D0026244103004A8456 /* Interactor */ = {
			isa = PBXGroup;
			children = (
				4BF72D4126244F3A004A8456 /* MovieListInteractor.swift */,
			);
			path = Interactor;
			sourceTree = "<group>";
		};
		4BF72D012624410D004A8456 /* Presenter */ = {
			isa = PBXGroup;
			children = (
				4BF72D54262462D5004A8456 /* MovieListPresenter.swift */,
			);
			path = Presenter;
			sourceTree = "<group>";
		};
		4BF72D022624411F004A8456 /* View */ = {
			isa = PBXGroup;
			children = (
				4BF72D032624492E004A8456 /* MovieListViewController.swift */,
			);
			path = View;
			sourceTree = "<group>";
		};
		4BF72D4926245058004A8456 /* Common */ = {
			isa = PBXGroup;
			children = (
				4BF72D4A26245065004A8456 /* AppConstants.swift */,
			);
			path = Common;
			sourceTree = "<group>";
		};
		4C7AE6752317508F1E8BAB57 /* Pods */ = {
			isa = PBXGroup;
			children = (
				F405AC7DDE50490F69857D38 /* Pods-MovieX.debug.xcconfig */,
				0A428CC65ACC5021689D9285 /* Pods-MovieX.release.xcconfig */,
				B0CD80521248F085AE46D48C /* Pods-MovieXTests.debug.xcconfig */,
				D0551A063B9E032E20A1C1E8 /* Pods-MovieXTests.release.xcconfig */,
			);
			path = Pods;
			sourceTree = "<group>";
		};
		CEAD63C0C0CB978BEAE98FBA /* Frameworks */ = {
			isa = PBXGroup;
			children = (
				CE7DC255E7BD226C85B0A43A /* Pods_MovieX.framework */,
				DC2DE059DCB90EA8B63488D4 /* Pods_MovieXTests.framework */,
			);
			name = Frameworks;
			sourceTree = "<group>";
		};
/* End PBXGroup section */

/* Begin PBXNativeTarget section */
		4BF72C9526241DE2004A8456 /* MovieX */ = {
			isa = PBXNativeTarget;
			buildConfigurationList = 4BF72CC026241DE3004A8456 /* Build configuration list for PBXNativeTarget "MovieX" */;
			buildPhases = (
				9C63C015A4242B796261223D /* [CP] Check Pods Manifest.lock */,
				4BF72C9226241DE2004A8456 /* Sources */,
				4BF72C9326241DE2004A8456 /* Frameworks */,
				4BF72C9426241DE2004A8456 /* Resources */,
				7E504D602F76FF9CEF273512 /* [CP] Embed Pods Frameworks */,
			);
			buildRules = (
			);
			dependencies = (
			);
			name = MovieX;
			productName = MovieX;
			productReference = 4BF72C9626241DE2004A8456 /* MovieX.app */;
			productType = "com.apple.product-type.application";
		};
		4BF72CAB26241DE3004A8456 /* MovieXTests */ = {
			isa = PBXNativeTarget;
			buildConfigurationList = 4BF72CC326241DE3004A8456 /* Build configuration list for PBXNativeTarget "MovieXTests" */;
			buildPhases = (
				74BB97E11B2F8F74671D7753 /* [CP] Check Pods Manifest.lock */,
				4BF72CA826241DE3004A8456 /* Sources */,
				4BF72CA926241DE3004A8456 /* Frameworks */,
				4BF72CAA26241DE3004A8456 /* Resources */,
			);
			buildRules = (
			);
			dependencies = (
				4BF72CAE26241DE3004A8456 /* PBXTargetDependency */,
			);
			name = MovieXTests;
			productName = MovieXTests;
			productReference = 4BF72CAC26241DE3004A8456 /* MovieXTests.xctest */;
			productType = "com.apple.product-type.bundle.unit-test";
		};
/* End PBXNativeTarget section */

/* Begin PBXProject section */
		4BF72C8E26241DE2004A8456 /* Project object */ = {
			isa = PBXProject;
			attributes = {
				LastSwiftUpdateCheck = 1240;
				LastUpgradeCheck = 1240;
				TargetAttributes = {
					4BF72C9526241DE2004A8456 = {
						CreatedOnToolsVersion = 12.4;
					};
					4BF72CAB26241DE3004A8456 = {
						CreatedOnToolsVersion = 12.4;
						TestTargetID = 4BF72C9526241DE2004A8456;
					};
				};
			};
			buildConfigurationList = 4BF72C9126241DE2004A8456 /* Build configuration list for PBXProject "MovieX" */;
			compatibilityVersion = "Xcode 9.3";
			developmentRegion = en;
			hasScannedForEncodings = 0;
			knownRegions = (
				en,
				Base,
			);
			mainGroup = 4BF72C8D26241DE2004A8456;
			productRefGroup = 4BF72C9726241DE2004A8456 /* Products */;
			projectDirPath = "";
			projectRoot = "";
			targets = (
				4BF72C9526241DE2004A8456 /* MovieX */,
				4BF72CAB26241DE3004A8456 /* MovieXTests */,
			);
		};
/* End PBXProject section */

/* Begin PBXResourcesBuildPhase section */
		4BF72C9426241DE2004A8456 /* Resources */ = {
			isa = PBXResourcesBuildPhase;
			buildActionMask = 2147483647;
			files = (
				4BF72CA626241DE3004A8456 /* LaunchScreen.storyboard in Resources */,
				4BF72CA326241DE3004A8456 /* Assets.xcassets in Resources */,
				4BF72CA126241DE2004A8456 /* Main.storyboard in Resources */,
				4BF72CE626243B12004A8456 /* Api-Info.plist in Resources */,
			);
			runOnlyForDeploymentPostprocessing = 0;
		};
		4BF72CAA26241DE3004A8456 /* Resources */ = {
			isa = PBXResourcesBuildPhase;
			buildActionMask = 2147483647;
			files = (
			);
			runOnlyForDeploymentPostprocessing = 0;
		};
/* End PBXResourcesBuildPhase section */

/* Begin PBXShellScriptBuildPhase section */
		74BB97E11B2F8F74671D7753 /* [CP] Check Pods Manifest.lock */ = {
			isa = PBXShellScriptBuildPhase;
			buildActionMask = 2147483647;
			files = (
			);
			inputFileListPaths = (
			);
			inputPaths = (
				"${PODS_PODFILE_DIR_PATH}/Podfile.lock",
				"${PODS_ROOT}/Manifest.lock",
			);
			name = "[CP] Check Pods Manifest.lock";
			outputFileListPaths = (
			);
			outputPaths = (
				"$(DERIVED_FILE_DIR)/Pods-MovieXTests-checkManifestLockResult.txt",
			);
			runOnlyForDeploymentPostprocessing = 0;
			shellPath = /bin/sh;
			shellScript = "diff \"${PODS_PODFILE_DIR_PATH}/Podfile.lock\" \"${PODS_ROOT}/Manifest.lock\" > /dev/null\nif [ $? != 0 ] ; then\n    # print error to STDERR\n    echo \"error: The sandbox is not in sync with the Podfile.lock. Run 'pod install' or update your CocoaPods installation.\" >&2\n    exit 1\nfi\n# This output is used by Xcode 'outputs' to avoid re-running this script phase.\necho \"SUCCESS\" > \"${SCRIPT_OUTPUT_FILE_0}\"\n";
			showEnvVarsInLog = 0;
		};
		7E504D602F76FF9CEF273512 /* [CP] Embed Pods Frameworks */ = {
			isa = PBXShellScriptBuildPhase;
			buildActionMask = 2147483647;
			files = (
			);
			inputFileListPaths = (
				"${PODS_ROOT}/Target Support Files/Pods-MovieX/Pods-MovieX-frameworks-${CONFIGURATION}-input-files.xcfilelist",
			);
			name = "[CP] Embed Pods Frameworks";
			outputFileListPaths = (
				"${PODS_ROOT}/Target Support Files/Pods-MovieX/Pods-MovieX-frameworks-${CONFIGURATION}-output-files.xcfilelist",
			);
			runOnlyForDeploymentPostprocessing = 0;
			shellPath = /bin/sh;
			shellScript = "\"${PODS_ROOT}/Target Support Files/Pods-MovieX/Pods-MovieX-frameworks.sh\"\n";
			showEnvVarsInLog = 0;
		};
		9C63C015A4242B796261223D /* [CP] Check Pods Manifest.lock */ = {
			isa = PBXShellScriptBuildPhase;
			buildActionMask = 2147483647;
			files = (
			);
			inputFileListPaths = (
			);
			inputPaths = (
				"${PODS_PODFILE_DIR_PATH}/Podfile.lock",
				"${PODS_ROOT}/Manifest.lock",
			);
			name = "[CP] Check Pods Manifest.lock";
			outputFileListPaths = (
			);
			outputPaths = (
				"$(DERIVED_FILE_DIR)/Pods-MovieX-checkManifestLockResult.txt",
			);
			runOnlyForDeploymentPostprocessing = 0;
			shellPath = /bin/sh;
			shellScript = "diff \"${PODS_PODFILE_DIR_PATH}/Podfile.lock\" \"${PODS_ROOT}/Manifest.lock\" > /dev/null\nif [ $? != 0 ] ; then\n    # print error to STDERR\n    echo \"error: The sandbox is not in sync with the Podfile.lock. Run 'pod install' or update your CocoaPods installation.\" >&2\n    exit 1\nfi\n# This output is used by Xcode 'outputs' to avoid re-running this script phase.\necho \"SUCCESS\" > \"${SCRIPT_OUTPUT_FILE_0}\"\n";
			showEnvVarsInLog = 0;
		};
/* End PBXShellScriptBuildPhase section */

/* Begin PBXSourcesBuildPhase section */
		4BF72C9226241DE2004A8456 /* Sources */ = {
			isa = PBXSourcesBuildPhase;
			buildActionMask = 2147483647;
			files = (
				4BF72C9E26241DE2004A8456 /* MainViewController.swift in Sources */,
				4BF72D5926246B9D004A8456 /* MovieListRouter.swift in Sources */,
				4BF72D752624BDBF004A8456 /* PosterData.swift in Sources */,
				4BF72D042624492E004A8456 /* MovieListViewController.swift in Sources */,
				4BF72C9A26241DE2004A8456 /* AppDelegate.swift in Sources */,
				4BF72D4226244F3A004A8456 /* MovieListInteractor.swift in Sources */,
				4BF72D4B26245065004A8456 /* AppConstants.swift in Sources */,
				4BF72CEC26243B7C004A8456 /* PropertyUtils.swift in Sources */,
				4BF72D4626244FA3004A8456 /* MovieListCategory.swift in Sources */,
				4B0B9FD4262549DE0030914A /* UIImageView+Extension.swift in Sources */,
				4BF72D0A262449A9004A8456 /* MovieListProtocols.swift in Sources */,
				4BF72C9C26241DE2004A8456 /* SceneDelegate.swift in Sources */,
				4BF72D55262462D5004A8456 /* MovieListPresenter.swift in Sources */,
				4BF72D1226244C33004A8456 /* MovieList.swift in Sources */,
			);
			runOnlyForDeploymentPostprocessing = 0;
		};
		4BF72CA826241DE3004A8456 /* Sources */ = {
			isa = PBXSourcesBuildPhase;
			buildActionMask = 2147483647;
			files = (
				4BF72CB126241DE3004A8456 /* MovieXTests.swift in Sources */,
			);
			runOnlyForDeploymentPostprocessing = 0;
		};
/* End PBXSourcesBuildPhase section */

/* Begin PBXTargetDependency section */
		4BF72CAE26241DE3004A8456 /* PBXTargetDependency */ = {
			isa = PBXTargetDependency;
			target = 4BF72C9526241DE2004A8456 /* MovieX */;
			targetProxy = 4BF72CAD26241DE3004A8456 /* PBXContainerItemProxy */;
		};
/* End PBXTargetDependency section */

/* Begin PBXVariantGroup section */
		4BF72C9F26241DE2004A8456 /* Main.storyboard */ = {
			isa = PBXVariantGroup;
			children = (
				4BF72CA026241DE2004A8456 /* Base */,
			);
			name = Main.storyboard;
			sourceTree = "<group>";
		};
		4BF72CA426241DE3004A8456 /* LaunchScreen.storyboard */ = {
			isa = PBXVariantGroup;
			children = (
				4BF72CA526241DE3004A8456 /* Base */,
			);
			name = LaunchScreen.storyboard;
			sourceTree = "<group>";
		};
/* End PBXVariantGroup section */

/* Begin XCBuildConfiguration section */
		4BF72CBE26241DE3004A8456 /* Debug */ = {
			isa = XCBuildConfiguration;
			buildSettings = {
				ALWAYS_SEARCH_USER_PATHS = NO;
				CLANG_ANALYZER_NONNULL = YES;
				CLANG_ANALYZER_NUMBER_OBJECT_CONVERSION = YES_AGGRESSIVE;
				CLANG_CXX_LANGUAGE_STANDARD = "gnu++14";
				CLANG_CXX_LIBRARY = "libc++";
				CLANG_ENABLE_MODULES = YES;
				CLANG_ENABLE_OBJC_ARC = YES;
				CLANG_ENABLE_OBJC_WEAK = YES;
				CLANG_WARN_BLOCK_CAPTURE_AUTORELEASING = YES;
				CLANG_WARN_BOOL_CONVERSION = YES;
				CLANG_WARN_COMMA = YES;
				CLANG_WARN_CONSTANT_CONVERSION = YES;
				CLANG_WARN_DEPRECATED_OBJC_IMPLEMENTATIONS = YES;
				CLANG_WARN_DIRECT_OBJC_ISA_USAGE = YES_ERROR;
				CLANG_WARN_DOCUMENTATION_COMMENTS = YES;
				CLANG_WARN_EMPTY_BODY = YES;
				CLANG_WARN_ENUM_CONVERSION = YES;
				CLANG_WARN_INFINITE_RECURSION = YES;
				CLANG_WARN_INT_CONVERSION = YES;
				CLANG_WARN_NON_LITERAL_NULL_CONVERSION = YES;
				CLANG_WARN_OBJC_IMPLICIT_RETAIN_SELF = YES;
				CLANG_WARN_OBJC_LITERAL_CONVERSION = YES;
				CLANG_WARN_OBJC_ROOT_CLASS = YES_ERROR;
				CLANG_WARN_QUOTED_INCLUDE_IN_FRAMEWORK_HEADER = YES;
				CLANG_WARN_RANGE_LOOP_ANALYSIS = YES;
				CLANG_WARN_STRICT_PROTOTYPES = YES;
				CLANG_WARN_SUSPICIOUS_MOVE = YES;
				CLANG_WARN_UNGUARDED_AVAILABILITY = YES_AGGRESSIVE;
				CLANG_WARN_UNREACHABLE_CODE = YES;
				CLANG_WARN__DUPLICATE_METHOD_MATCH = YES;
				COPY_PHASE_STRIP = NO;
				DEBUG_INFORMATION_FORMAT = dwarf;
				ENABLE_STRICT_OBJC_MSGSEND = YES;
				ENABLE_TESTABILITY = YES;
				GCC_C_LANGUAGE_STANDARD = gnu11;
				GCC_DYNAMIC_NO_PIC = NO;
				GCC_NO_COMMON_BLOCKS = YES;
				GCC_OPTIMIZATION_LEVEL = 0;
				GCC_PREPROCESSOR_DEFINITIONS = (
					"DEBUG=1",
					"$(inherited)",
				);
				GCC_WARN_64_TO_32_BIT_CONVERSION = YES;
				GCC_WARN_ABOUT_RETURN_TYPE = YES_ERROR;
				GCC_WARN_UNDECLARED_SELECTOR = YES;
				GCC_WARN_UNINITIALIZED_AUTOS = YES_AGGRESSIVE;
				GCC_WARN_UNUSED_FUNCTION = YES;
				GCC_WARN_UNUSED_VARIABLE = YES;
				IPHONEOS_DEPLOYMENT_TARGET = 14.4;
				MTL_ENABLE_DEBUG_INFO = INCLUDE_SOURCE;
				MTL_FAST_MATH = YES;
				ONLY_ACTIVE_ARCH = YES;
				SDKROOT = iphoneos;
				SWIFT_ACTIVE_COMPILATION_CONDITIONS = DEBUG;
				SWIFT_OPTIMIZATION_LEVEL = "-Onone";
			};
			name = Debug;
		};
		4BF72CBF26241DE3004A8456 /* Release */ = {
			isa = XCBuildConfiguration;
			buildSettings = {
				ALWAYS_SEARCH_USER_PATHS = NO;
				CLANG_ANALYZER_NONNULL = YES;
				CLANG_ANALYZER_NUMBER_OBJECT_CONVERSION = YES_AGGRESSIVE;
				CLANG_CXX_LANGUAGE_STANDARD = "gnu++14";
				CLANG_CXX_LIBRARY = "libc++";
				CLANG_ENABLE_MODULES = YES;
				CLANG_ENABLE_OBJC_ARC = YES;
				CLANG_ENABLE_OBJC_WEAK = YES;
				CLANG_WARN_BLOCK_CAPTURE_AUTORELEASING = YES;
				CLANG_WARN_BOOL_CONVERSION = YES;
				CLANG_WARN_COMMA = YES;
				CLANG_WARN_CONSTANT_CONVERSION = YES;
				CLANG_WARN_DEPRECATED_OBJC_IMPLEMENTATIONS = YES;
				CLANG_WARN_DIRECT_OBJC_ISA_USAGE = YES_ERROR;
				CLANG_WARN_DOCUMENTATION_COMMENTS = YES;
				CLANG_WARN_EMPTY_BODY = YES;
				CLANG_WARN_ENUM_CONVERSION = YES;
				CLANG_WARN_INFINITE_RECURSION = YES;
				CLANG_WARN_INT_CONVERSION = YES;
				CLANG_WARN_NON_LITERAL_NULL_CONVERSION = YES;
				CLANG_WARN_OBJC_IMPLICIT_RETAIN_SELF = YES;
				CLANG_WARN_OBJC_LITERAL_CONVERSION = YES;
				CLANG_WARN_OBJC_ROOT_CLASS = YES_ERROR;
				CLANG_WARN_QUOTED_INCLUDE_IN_FRAMEWORK_HEADER = YES;
				CLANG_WARN_RANGE_LOOP_ANALYSIS = YES;
				CLANG_WARN_STRICT_PROTOTYPES = YES;
				CLANG_WARN_SUSPICIOUS_MOVE = YES;
				CLANG_WARN_UNGUARDED_AVAILABILITY = YES_AGGRESSIVE;
				CLANG_WARN_UNREACHABLE_CODE = YES;
				CLANG_WARN__DUPLICATE_METHOD_MATCH = YES;
				COPY_PHASE_STRIP = NO;
				DEBUG_INFORMATION_FORMAT = "dwarf-with-dsym";
				ENABLE_NS_ASSERTIONS = NO;
				ENABLE_STRICT_OBJC_MSGSEND = YES;
				GCC_C_LANGUAGE_STANDARD = gnu11;
				GCC_NO_COMMON_BLOCKS = YES;
				GCC_WARN_64_TO_32_BIT_CONVERSION = YES;
				GCC_WARN_ABOUT_RETURN_TYPE = YES_ERROR;
				GCC_WARN_UNDECLARED_SELECTOR = YES;
				GCC_WARN_UNINITIALIZED_AUTOS = YES_AGGRESSIVE;
				GCC_WARN_UNUSED_FUNCTION = YES;
				GCC_WARN_UNUSED_VARIABLE = YES;
				IPHONEOS_DEPLOYMENT_TARGET = 14.4;
				MTL_ENABLE_DEBUG_INFO = NO;
				MTL_FAST_MATH = YES;
				SDKROOT = iphoneos;
				SWIFT_COMPILATION_MODE = wholemodule;
				SWIFT_OPTIMIZATION_LEVEL = "-O";
				VALIDATE_PRODUCT = YES;
			};
			name = Release;
		};
		4BF72CC126241DE3004A8456 /* Debug */ = {
			isa = XCBuildConfiguration;
			baseConfigurationReference = F405AC7DDE50490F69857D38 /* Pods-MovieX.debug.xcconfig */;
			buildSettings = {
				ASSETCATALOG_COMPILER_APPICON_NAME = AppIcon;
				ASSETCATALOG_COMPILER_GLOBAL_ACCENT_COLOR_NAME = AccentColor;
				CODE_SIGN_STYLE = Automatic;
				DEVELOPMENT_TEAM = 6Q6573TH26;
				INFOPLIST_FILE = MovieX/Info.plist;
				LD_RUNPATH_SEARCH_PATHS = (
					"$(inherited)",
					"@executable_path/Frameworks",
				);
				PRODUCT_BUNDLE_IDENTIFIER = com.piyushkant.moviex;
				PRODUCT_NAME = "$(TARGET_NAME)";
				SWIFT_VERSION = 5.0;
				TARGETED_DEVICE_FAMILY = "1,2";
			};
			name = Debug;
		};
		4BF72CC226241DE3004A8456 /* Release */ = {
			isa = XCBuildConfiguration;
			baseConfigurationReference = 0A428CC65ACC5021689D9285 /* Pods-MovieX.release.xcconfig */;
			buildSettings = {
				ASSETCATALOG_COMPILER_APPICON_NAME = AppIcon;
				ASSETCATALOG_COMPILER_GLOBAL_ACCENT_COLOR_NAME = AccentColor;
				CODE_SIGN_STYLE = Automatic;
				DEVELOPMENT_TEAM = 6Q6573TH26;
				INFOPLIST_FILE = MovieX/Info.plist;
				LD_RUNPATH_SEARCH_PATHS = (
					"$(inherited)",
					"@executable_path/Frameworks",
				);
				PRODUCT_BUNDLE_IDENTIFIER = com.piyushkant.moviex;
				PRODUCT_NAME = "$(TARGET_NAME)";
				SWIFT_VERSION = 5.0;
				TARGETED_DEVICE_FAMILY = "1,2";
			};
			name = Release;
		};
		4BF72CC426241DE3004A8456 /* Debug */ = {
			isa = XCBuildConfiguration;
			baseConfigurationReference = B0CD80521248F085AE46D48C /* Pods-MovieXTests.debug.xcconfig */;
			buildSettings = {
				ALWAYS_EMBED_SWIFT_STANDARD_LIBRARIES = YES;
				BUNDLE_LOADER = "$(TEST_HOST)";
				CODE_SIGN_STYLE = Automatic;
				DEVELOPMENT_TEAM = 6Q6573TH26;
				INFOPLIST_FILE = MovieXTests/Info.plist;
				IPHONEOS_DEPLOYMENT_TARGET = 14.4;
				LD_RUNPATH_SEARCH_PATHS = (
					"$(inherited)",
					"@executable_path/Frameworks",
					"@loader_path/Frameworks",
				);
				PRODUCT_BUNDLE_IDENTIFIER = com.piyushkant.MovieXTests;
				PRODUCT_NAME = "$(TARGET_NAME)";
				SWIFT_VERSION = 5.0;
				TARGETED_DEVICE_FAMILY = "1,2";
				TEST_HOST = "$(BUILT_PRODUCTS_DIR)/MovieX.app/MovieX";
			};
			name = Debug;
		};
		4BF72CC526241DE3004A8456 /* Release */ = {
			isa = XCBuildConfiguration;
			baseConfigurationReference = D0551A063B9E032E20A1C1E8 /* Pods-MovieXTests.release.xcconfig */;
			buildSettings = {
				ALWAYS_EMBED_SWIFT_STANDARD_LIBRARIES = YES;
				BUNDLE_LOADER = "$(TEST_HOST)";
				CODE_SIGN_STYLE = Automatic;
				DEVELOPMENT_TEAM = 6Q6573TH26;
				INFOPLIST_FILE = MovieXTests/Info.plist;
				IPHONEOS_DEPLOYMENT_TARGET = 14.4;
				LD_RUNPATH_SEARCH_PATHS = (
					"$(inherited)",
					"@executable_path/Frameworks",
					"@loader_path/Frameworks",
				);
				PRODUCT_BUNDLE_IDENTIFIER = com.piyushkant.MovieXTests;
				PRODUCT_NAME = "$(TARGET_NAME)";
				SWIFT_VERSION = 5.0;
				TARGETED_DEVICE_FAMILY = "1,2";
				TEST_HOST = "$(BUILT_PRODUCTS_DIR)/MovieX.app/MovieX";
			};
			name = Release;
		};
/* End XCBuildConfiguration section */

/* Begin XCConfigurationList section */
		4BF72C9126241DE2004A8456 /* Build configuration list for PBXProject "MovieX" */ = {
			isa = XCConfigurationList;
			buildConfigurations = (
				4BF72CBE26241DE3004A8456 /* Debug */,
				4BF72CBF26241DE3004A8456 /* Release */,
			);
			defaultConfigurationIsVisible = 0;
			defaultConfigurationName = Release;
		};
		4BF72CC026241DE3004A8456 /* Build configuration list for PBXNativeTarget "MovieX" */ = {
			isa = XCConfigurationList;
			buildConfigurations = (
				4BF72CC126241DE3004A8456 /* Debug */,
				4BF72CC226241DE3004A8456 /* Release */,
			);
			defaultConfigurationIsVisible = 0;
			defaultConfigurationName = Release;
		};
		4BF72CC326241DE3004A8456 /* Build configuration list for PBXNativeTarget "MovieXTests" */ = {
			isa = XCConfigurationList;
			buildConfigurations = (
				4BF72CC426241DE3004A8456 /* Debug */,
				4BF72CC526241DE3004A8456 /* Release */,
			);
			defaultConfigurationIsVisible = 0;
			defaultConfigurationName = Release;
		};
/* End XCConfigurationList section */
	};
	rootObject = 4BF72C8E26241DE2004A8456 /* Project object */;
}
